// !$*UTF8*$!
{
	archiveVersion = 1;
	classes = {
	};
	objectVersion = 46;
	objects = {

/* Begin PBXBuildFile section */
		6267C5A51E45164000132601 /* AppDelegate.swift in Sources */ = {isa = PBXBuildFile; fileRef = 6267C5A41E45164000132601 /* AppDelegate.swift */; };
		6267C5A71E45164000132601 /* MainVC.swift in Sources */ = {isa = PBXBuildFile; fileRef = 6267C5A61E45164000132601 /* MainVC.swift */; };
		6267C5AA1E45164000132601 /* Main.storyboard in Resources */ = {isa = PBXBuildFile; fileRef = 6267C5A81E45164000132601 /* Main.storyboard */; };
		6267C5AC1E45164000132601 /* Assets.xcassets in Resources */ = {isa = PBXBuildFile; fileRef = 6267C5AB1E45164000132601 /* Assets.xcassets */; };
		6267C5AF1E45164000132601 /* LaunchScreen.storyboard in Resources */ = {isa = PBXBuildFile; fileRef = 6267C5AD1E45164000132601 /* LaunchScreen.storyboard */; };
		6267C5BA1E45164000132601 /* PartyRockAppTests.swift in Sources */ = {isa = PBXBuildFile; fileRef = 6267C5B91E45164000132601 /* PartyRockAppTests.swift */; };
		6267C5C51E45164000132601 /* PartyRockAppUITests.swift in Sources */ = {isa = PBXBuildFile; fileRef = 6267C5C41E45164000132601 /* PartyRockAppUITests.swift */; };
		6267C5D61E45367F00132601 /* still time.ttf in Resources */ = {isa = PBXBuildFile; fileRef = 6267C5D51E45367F00132601 /* still time.ttf */; };
		6267C5D91E45381300132601 /* VideoVC.swift in Sources */ = {isa = PBXBuildFile; fileRef = 6267C5D81E45381300132601 /* VideoVC.swift */; };
		6267C5DB1E45399D00132601 /* PartyCell.swift in Sources */ = {isa = PBXBuildFile; fileRef = 6267C5DA1E45399D00132601 /* PartyCell.swift */; };
		6267C5DD1E453B2F00132601 /* PartyRock.swift in Sources */ = {isa = PBXBuildFile; fileRef = 6267C5DC1E453B2F00132601 /* PartyRock.swift */; };
/* End PBXBuildFile section */

/* Begin PBXContainerItemProxy section */
		6267C5B61E45164000132601 /* PBXContainerItemProxy */ = {
			isa = PBXContainerItemProxy;
			containerPortal = 6267C5991E45164000132601 /* Project object */;
			proxyType = 1;
			remoteGlobalIDString = 6267C5A01E45164000132601;
			remoteInfo = PartyRockApp;
		};
		6267C5C11E45164000132601 /* PBXContainerItemProxy */ = {
			isa = PBXContainerItemProxy;
			containerPortal = 6267C5991E45164000132601 /* Project object */;
			proxyType = 1;
			remoteGlobalIDString = 6267C5A01E45164000132601;
			remoteInfo = PartyRockApp;
		};
/* End PBXContainerItemProxy section */

/* Begin PBXFileReference section */
		6267C5A11E45164000132601 /* PartyRockApp.app */ = {isa = PBXFileReference; explicitFileType = wrapper.application; includeInIndex = 0; path = PartyRockApp.app; sourceTree = BUILT_PRODUCTS_DIR; };
		6267C5A41E45164000132601 /* AppDelegate.swift */ = {isa = PBXFileReference; lastKnownFileType = sourcecode.swift; path = AppDelegate.swift; sourceTree = "<group>"; };
		6267C5A61E45164000132601 /* MainVC.swift */ = {isa = PBXFileReference; lastKnownFileType = sourcecode.swift; path = MainVC.swift; sourceTree = "<group>"; };
		6267C5A91E45164000132601 /* Base */ = {isa = PBXFileReference; lastKnownFileType = file.storyboard; name = Base; path = Base.lproj/Main.storyboard; sourceTree = "<group>"; };
		6267C5AB1E45164000132601 /* Assets.xcassets */ = {isa = PBXFileReference; lastKnownFileType = folder.assetcatalog; path = Assets.xcassets; sourceTree = "<group>"; };
		6267C5AE1E45164000132601 /* Base */ = {isa = PBXFileReference; lastKnownFileType = file.storyboard; name = Base; path = Base.lproj/LaunchScreen.storyboard; sourceTree = "<group>"; };
		6267C5B01E45164000132601 /* Info.plist */ = {isa = PBXFileReference; lastKnownFileType = text.plist.xml; path = Info.plist; sourceTree = "<group>"; };
		6267C5B51E45164000132601 /* PartyRockAppTests.xctest */ = {isa = PBXFileReference; explicitFileType = wrapper.cfbundle; includeInIndex = 0; path = PartyRockAppTests.xctest; sourceTree = BUILT_PRODUCTS_DIR; };
		6267C5B91E45164000132601 /* PartyRockAppTests.swift */ = {isa = PBXFileReference; lastKnownFileType = sourcecode.swift; path = PartyRockAppTests.swift; sourceTree = "<group>"; };
		6267C5BB1E45164000132601 /* Info.plist */ = {isa = PBXFileReference; lastKnownFileType = text.plist.xml; path = Info.plist; sourceTree = "<group>"; };
		6267C5C01E45164000132601 /* PartyRockAppUITests.xctest */ = {isa = PBXFileReference; explicitFileType = wrapper.cfbundle; includeInIndex = 0; path = PartyRockAppUITests.xctest; sourceTree = BUILT_PRODUCTS_DIR; };
		6267C5C41E45164000132601 /* PartyRockAppUITests.swift */ = {isa = PBXFileReference; lastKnownFileType = sourcecode.swift; path = PartyRockAppUITests.swift; sourceTree = "<group>"; };
		6267C5C61E45164000132601 /* Info.plist */ = {isa = PBXFileReference; lastKnownFileType = text.plist.xml; path = Info.plist; sourceTree = "<group>"; };
		6267C5D51E45367F00132601 /* still time.ttf */ = {isa = PBXFileReference; lastKnownFileType = file; path = "still time.ttf"; sourceTree = "<group>"; };
		6267C5D81E45381300132601 /* VideoVC.swift */ = {isa = PBXFileReference; fileEncoding = 4; lastKnownFileType = sourcecode.swift; path = VideoVC.swift; sourceTree = "<group>"; };
		6267C5DA1E45399D00132601 /* PartyCell.swift */ = {isa = PBXFileReference; fileEncoding = 4; lastKnownFileType = sourcecode.swift; path = PartyCell.swift; sourceTree = "<group>"; };
		6267C5DC1E453B2F00132601 /* PartyRock.swift */ = {isa = PBXFileReference; fileEncoding = 4; lastKnownFileType = sourcecode.swift; path = PartyRock.swift; sourceTree = "<group>"; };
/* End PBXFileReference section */

/* Begin PBXFrameworksBuildPhase section */
		6267C59E1E45164000132601 /* Frameworks */ = {
			isa = PBXFrameworksBuildPhase;
			buildActionMask = 2147483647;
			files = (
			);
			runOnlyForDeploymentPostprocessing = 0;
		};
		6267C5B21E45164000132601 /* Frameworks */ = {
			isa = PBXFrameworksBuildPhase;
			buildActionMask = 2147483647;
			files = (
			);
			runOnlyForDeploymentPostprocessing = 0;
		};
		6267C5BD1E45164000132601 /* Frameworks */ = {
			isa = PBXFrameworksBuildPhase;
			buildActionMask = 2147483647;
			files = (
			);
			runOnlyForDeploymentPostprocessing = 0;
		};
/* End PBXFrameworksBuildPhase section */

/* Begin PBXGroup section */
		6267C5981E45164000132601 = {
			isa = PBXGroup;
			children = (
				6267C5A31E45164000132601 /* PartyRockApp */,
				6267C5B81E45164000132601 /* PartyRockAppTests */,
				6267C5C31E45164000132601 /* PartyRockAppUITests */,
				6267C5A21E45164000132601 /* Products */,
			);
			sourceTree = "<group>";
		};
		6267C5A21E45164000132601 /* Products */ = {
			isa = PBXGroup;
			children = (
				6267C5A11E45164000132601 /* PartyRockApp.app */,
				6267C5B51E45164000132601 /* PartyRockAppTests.xctest */,
				6267C5C01E45164000132601 /* PartyRockAppUITests.xctest */,
			);
			name = Products;
			sourceTree = "<group>";
		};
		6267C5A31E45164000132601 /* PartyRockApp */ = {
			isa = PBXGroup;
			children = (
				6267C5D71E45368300132601 /* Files */,
				6267C5D41E45170D00132601 /* Model */,
				6267C5D31E45170600132601 /* View */,
				6267C5D21E4516E900132601 /* Controller */,
				6267C5A41E45164000132601 /* AppDelegate.swift */,
				6267C5A81E45164000132601 /* Main.storyboard */,
				6267C5AB1E45164000132601 /* Assets.xcassets */,
				6267C5AD1E45164000132601 /* LaunchScreen.storyboard */,
				6267C5B01E45164000132601 /* Info.plist */,
			);
			path = PartyRockApp;
			sourceTree = "<group>";
		};
		6267C5B81E45164000132601 /* PartyRockAppTests */ = {
			isa = PBXGroup;
			children = (
				6267C5B91E45164000132601 /* PartyRockAppTests.swift */,
				6267C5BB1E45164000132601 /* Info.plist */,
			);
			path = PartyRockAppTests;
			sourceTree = "<group>";
		};
		6267C5C31E45164000132601 /* PartyRockAppUITests */ = {
			isa = PBXGroup;
			children = (
				6267C5C41E45164000132601 /* PartyRockAppUITests.swift */,
				6267C5C61E45164000132601 /* Info.plist */,
			);
			path = PartyRockAppUITests;
			sourceTree = "<group>";
		};
		6267C5D21E4516E900132601 /* Controller */ = {
			isa = PBXGroup;
			children = (
				6267C5A61E45164000132601 /* MainVC.swift */,
				6267C5D81E45381300132601 /* VideoVC.swift */,
			);
			name = Controller;
			sourceTree = "<group>";
		};
		6267C5D31E45170600132601 /* View */ = {
			isa = PBXGroup;
			children = (
				6267C5DA1E45399D00132601 /* PartyCell.swift */,
			);
			name = View;
			sourceTree = "<group>";
		};
		6267C5D41E45170D00132601 /* Model */ = {
			isa = PBXGroup;
			children = (
				6267C5DC1E453B2F00132601 /* PartyRock.swift */,
			);
			name = Model;
			sourceTree = "<group>";
		};
		6267C5D71E45368300132601 /* Files */ = {
			isa = PBXGroup;
			children = (
				6267C5D51E45367F00132601 /* still time.ttf */,
			);
			name = Files;
			sourceTree = "<group>";
		};
/* End PBXGroup section */

/* Begin PBXNativeTarget section */
		6267C5A01E45164000132601 /* PartyRockApp */ = {
			isa = PBXNativeTarget;
			buildConfigurationList = 6267C5C91E45164000132601 /* Build configuration list for PBXNativeTarget "PartyRockApp" */;
			buildPhases = (
				6267C59D1E45164000132601 /* Sources */,
				6267C59E1E45164000132601 /* Frameworks */,
				6267C59F1E45164000132601 /* Resources */,
			);
			buildRules = (
			);
			dependencies = (
			);
			name = PartyRockApp;
			productName = PartyRockApp;
			productReference = 6267C5A11E45164000132601 /* PartyRockApp.app */;
			productType = "com.apple.product-type.application";
		};
		6267C5B41E45164000132601 /* PartyRockAppTests */ = {
			isa = PBXNativeTarget;
			buildConfigurationList = 6267C5CC1E45164000132601 /* Build configuration list for PBXNativeTarget "PartyRockAppTests" */;
			buildPhases = (
				6267C5B11E45164000132601 /* Sources */,
				6267C5B21E45164000132601 /* Frameworks */,
				6267C5B31E45164000132601 /* Resources */,
			);
			buildRules = (
			);
			dependencies = (
				6267C5B71E45164000132601 /* PBXTargetDependency */,
			);
			name = PartyRockAppTests;
			productName = PartyRockAppTests;
			productReference = 6267C5B51E45164000132601 /* PartyRockAppTests.xctest */;
			productType = "com.apple.product-type.bundle.unit-test";
		};
		6267C5BF1E45164000132601 /* PartyRockAppUITests */ = {
			isa = PBXNativeTarget;
			buildConfigurationList = 6267C5CF1E45164000132601 /* Build configuration list for PBXNativeTarget "PartyRockAppUITests" */;
			buildPhases = (
				6267C5BC1E45164000132601 /* Sources */,
				6267C5BD1E45164000132601 /* Frameworks */,
				6267C5BE1E45164000132601 /* Resources */,
			);
			buildRules = (
			);
			dependencies = (
				6267C5C21E45164000132601 /* PBXTargetDependency */,
			);
			name = PartyRockAppUITests;
			productName = PartyRockAppUITests;
			productReference = 6267C5C01E45164000132601 /* PartyRockAppUITests.xctest */;
			productType = "com.apple.product-type.bundle.ui-testing";
		};
/* End PBXNativeTarget section */

/* Begin PBXProject section */
		6267C5991E45164000132601 /* Project object */ = {
			isa = PBXProject;
			attributes = {
				LastSwiftUpdateCheck = 0820;
				LastUpgradeCheck = 0820;
				ORGANIZATIONNAME = "Wen Zhong";
				TargetAttributes = {
					6267C5A01E45164000132601 = {
						CreatedOnToolsVersion = 8.2.1;
						ProvisioningStyle = Automatic;
					};
					6267C5B41E45164000132601 = {
						CreatedOnToolsVersion = 8.2.1;
						ProvisioningStyle = Automatic;
						TestTargetID = 6267C5A01E45164000132601;
					};
					6267C5BF1E45164000132601 = {
						CreatedOnToolsVersion = 8.2.1;
						ProvisioningStyle = Automatic;
						TestTargetID = 6267C5A01E45164000132601;
					};
				};
			};
			buildConfigurationList = 6267C59C1E45164000132601 /* Build configuration list for PBXProject "PartyRockApp" */;
			compatibilityVersion = "Xcode 3.2";
			developmentRegion = English;
			hasScannedForEncodings = 0;
			knownRegions = (
				en,
				Base,
			);
			mainGroup = 6267C5981E45164000132601;
			productRefGroup = 6267C5A21E45164000132601 /* Products */;
			projectDirPath = "";
			projectRoot = "";
			targets = (
				6267C5A01E45164000132601 /* PartyRockApp */,
				6267C5B41E45164000132601 /* PartyRockAppTests */,
				6267C5BF1E45164000132601 /* PartyRockAppUITests */,
			);
		};
/* End PBXProject section */

/* Begin PBXResourcesBuildPhase section */
		6267C59F1E45164000132601 /* Resources */ = {
			isa = PBXResourcesBuildPhase;
			buildActionMask = 2147483647;
			files = (
				6267C5AF1E45164000132601 /* LaunchScreen.storyboard in Resources */,
				6267C5D61E45367F00132601 /* still time.ttf in Resources */,
				6267C5AC1E45164000132601 /* Assets.xcassets in Resources */,
				6267C5AA1E45164000132601 /* Main.storyboard in Resources */,
			);
			runOnlyForDeploymentPostprocessing = 0;
		};
		6267C5B31E45164000132601 /* Resources */ = {
			isa = PBXResourcesBuildPhase;
			buildActionMask = 2147483647;
			files = (
			);
			runOnlyForDeploymentPostprocessing = 0;
		};
		6267C5BE1E45164000132601 /* Resources */ = {
			isa = PBXResourcesBuildPhase;
			buildActionMask = 2147483647;
			files = (
			);
			runOnlyForDeploymentPostprocessing = 0;
		};
/* End PBXResourcesBuildPhase section */

/* Begin PBXSourcesBuildPhase section */
		6267C59D1E45164000132601 /* Sources */ = {
			isa = PBXSourcesBuildPhase;
			buildActionMask = 2147483647;
			files = (
				6267C5D91E45381300132601 /* VideoVC.swift in Sources */,
				6267C5A71E45164000132601 /* MainVC.swift in Sources */,
				6267C5DD1E453B2F00132601 /* PartyRock.swift in Sources */,
				6267C5DB1E45399D00132601 /* PartyCell.swift in Sources */,
				6267C5A51E45164000132601 /* AppDelegate.swift in Sources */,
			);
			runOnlyForDeploymentPostprocessing = 0;
		};
		6267C5B11E45164000132601 /* Sources */ = {
			isa = PBXSourcesBuildPhase;
			buildActionMask = 2147483647;
			files = (
				6267C5BA1E45164000132601 /* PartyRockAppTests.swift in Sources */,
			);
			runOnlyForDeploymentPostprocessing = 0;
		};
		6267C5BC1E45164000132601 /* Sources */ = {
			isa = PBXSourcesBuildPhase;
			buildActionMask = 2147483647;
			files = (
				6267C5C51E45164000132601 /* PartyRockAppUITests.swift in Sources */,
			);
			runOnlyForDeploymentPostprocessing = 0;
		};
/* End PBXSourcesBuildPhase section */

/* Begin PBXTargetDependency section */
		6267C5B71E45164000132601 /* PBXTargetDependency */ = {
			isa = PBXTargetDependency;
			target = 6267C5A01E45164000132601 /* PartyRockApp */;
			targetProxy = 6267C5B61E45164000132601 /* PBXContainerItemProxy */;
		};
		6267C5C21E45164000132601 /* PBXTargetDependency */ = {
			isa = PBXTargetDependency;
			target = 6267C5A01E45164000132601 /* PartyRockApp */;
			targetProxy = 6267C5C11E45164000132601 /* PBXContainerItemProxy */;
		};
/* End PBXTargetDependency section */

/* Begin PBXVariantGroup section */
		6267C5A81E45164000132601 /* Main.storyboard */ = {
			isa = PBXVariantGroup;
			children = (
				6267C5A91E45164000132601 /* Base */,
			);
			name = Main.storyboard;
			sourceTree = "<group>";
		};
		6267C5AD1E45164000132601 /* LaunchScreen.storyboard */ = {
			isa = PBXVariantGroup;
			children = (
				6267C5AE1E45164000132601 /* Base */,
			);
			name = LaunchScreen.storyboard;
			sourceTree = "<group>";
		};
/* End PBXVariantGroup section */

/* Begin XCBuildConfiguration section */
		6267C5C71E45164000132601 /* Debug */ = {
			isa = XCBuildConfiguration;
			buildSettings = {
				ALWAYS_SEARCH_USER_PATHS = NO;
				CLANG_ANALYZER_NONNULL = YES;
				CLANG_CXX_LANGUAGE_STANDARD = "gnu++0x";
				CLANG_CXX_LIBRARY = "libc++";
				CLANG_ENABLE_MODULES = YES;
				CLANG_ENABLE_OBJC_ARC = YES;
				CLANG_WARN_BOOL_CONVERSION = YES;
				CLANG_WARN_CONSTANT_CONVERSION = YES;
				CLANG_WARN_DIRECT_OBJC_ISA_USAGE = YES_ERROR;
				CLANG_WARN_DOCUMENTATION_COMMENTS = YES;
				CLANG_WARN_EMPTY_BODY = YES;
				CLANG_WARN_ENUM_CONVERSION = YES;
				CLANG_WARN_INFINITE_RECURSION = YES;
				CLANG_WARN_INT_CONVERSION = YES;
				CLANG_WARN_OBJC_ROOT_CLASS = YES_ERROR;
				CLANG_WARN_SUSPICIOUS_MOVE = YES;
				CLANG_WARN_UNREACHABLE_CODE = YES;
				CLANG_WARN__DUPLICATE_METHOD_MATCH = YES;
				"CODE_SIGN_IDENTITY[sdk=iphoneos*]" = "iPhone Developer";
				COPY_PHASE_STRIP = NO;
				DEBUG_INFORMATION_FORMAT = dwarf;
				ENABLE_STRICT_OBJC_MSGSEND = YES;
				ENABLE_TESTABILITY = YES;
				GCC_C_LANGUAGE_STANDARD = gnu99;
				GCC_DYNAMIC_NO_PIC = NO;
				GCC_NO_COMMON_BLOCKS = YES;
				GCC_OPTIMIZATION_LEVEL = 0;
				GCC_PREPROCESSOR_DEFINITIONS = (
					"DEBUG=1",
					"$(inherited)",
				);
				GCC_WARN_64_TO_32_BIT_CONVERSION = YES;
				GCC_WARN_ABOUT_RETURN_TYPE = YES_ERROR;
				GCC_WARN_UNDECLARED_SELECTOR = YES;
				GCC_WARN_UNINITIALIZED_AUTOS = YES_AGGRESSIVE;
				GCC_WARN_UNUSED_FUNCTION = YES;
				GCC_WARN_UNUSED_VARIABLE = YES;
				IPHONEOS_DEPLOYMENT_TARGET = 10.2;
				MTL_ENABLE_DEBUG_INFO = YES;
				ONLY_ACTIVE_ARCH = YES;
				SDKROOT = iphoneos;
				SWIFT_ACTIVE_COMPILATION_CONDITIONS = DEBUG;
				SWIFT_OPTIMIZATION_LEVEL = "-Onone";
				TARGETED_DEVICE_FAMILY = "1,2";
			};
			name = Debug;
		};
		6267C5C81E45164000132601 /* Release */ = {
			isa = XCBuildConfiguration;
			buildSettings = {
				ALWAYS_SEARCH_USER_PATHS = NO;
				CLANG_ANALYZER_NONNULL = YES;
				CLANG_CXX_LANGUAGE_STANDARD = "gnu++0x";
				CLANG_CXX_LIBRARY = "libc++";
				CLANG_ENABLE_MODULES = YES;
				CLANG_ENABLE_OBJC_ARC = YES;
				CLANG_WARN_BOOL_CONVERSION = YES;
				CLANG_WARN_CONSTANT_CONVERSION = YES;
				CLANG_WARN_DIRECT_OBJC_ISA_USAGE = YES_ERROR;
				CLANG_WARN_DOCUMENTATION_COMMENTS = YES;
				CLANG_WARN_EMPTY_BODY = YES;
				CLANG_WARN_ENUM_CONVERSION = YES;
				CLANG_WARN_INFINITE_RECURSION = YES;
				CLANG_WARN_INT_CONVERSION = YES;
				CLANG_WARN_OBJC_ROOT_CLASS = YES_ERROR;
				CLANG_WARN_SUSPICIOUS_MOVE = YES;
				CLANG_WARN_UNREACHABLE_CODE = YES;
				CLANG_WARN__DUPLICATE_METHOD_MATCH = YES;
				"CODE_SIGN_IDENTITY[sdk=iphoneos*]" = "iPhone Developer";
				COPY_PHASE_STRIP = NO;
				DEBUG_INFORMATION_FORMAT = "dwarf-with-dsym";
				ENABLE_NS_ASSERTIONS = NO;
				ENABLE_STRICT_OBJC_MSGSEND = YES;
				GCC_C_LANGUAGE_STANDARD = gnu99;
				GCC_NO_COMMON_BLOCKS = YES;
				GCC_WARN_64_TO_32_BIT_CONVERSION = YES;
				GCC_WARN_ABOUT_RETURN_TYPE = YES_ERROR;
				GCC_WARN_UNDECLARED_SELECTOR = YES;
				GCC_WARN_UNINITIALIZED_AUTOS = YES_AGGRESSIVE;
				GCC_WARN_UNUSED_FUNCTION = YES;
				GCC_WARN_UNUSED_VARIABLE = YES;
				IPHONEOS_DEPLOYMENT_TARGET = 10.2;
				MTL_ENABLE_DEBUG_INFO = NO;
				SDKROOT = iphoneos;
				SWIFT_OPTIMIZATION_LEVEL = "-Owholemodule";
				TARGETED_DEVICE_FAMILY = "1,2";
				VALIDATE_PRODUCT = YES;
			};
			name = Release;
		};
		6267C5CA1E45164000132601 /* Debug */ = {
			isa = XCBuildConfiguration;
			buildSettings = {
				ASSETCATALOG_COMPILER_APPICON_NAME = AppIcon;
				INFOPLIST_FILE = PartyRockApp/Info.plist;
				LD_RUNPATH_SEARCH_PATHS = "$(inherited) @executable_path/Frameworks";
				PRODUCT_BUNDLE_IDENTIFIER = Wen.PartyRockApp;
				PRODUCT_NAME = "$(TARGET_NAME)";
				SWIFT_VERSION = 3.0;
			};
			name = Debug;
		};
		6267C5CB1E45164000132601 /* Release */ = {
			isa = XCBuildConfiguration;
			buildSettings = {
				ASSETCATALOG_COMPILER_APPICON_NAME = AppIcon;
				INFOPLIST_FILE = PartyRockApp/Info.plist;
				LD_RUNPATH_SEARCH_PATHS = "$(inherited) @executable_path/Frameworks";
				PRODUCT_BUNDLE_IDENTIFIER = Wen.PartyRockApp;
				PRODUCT_NAME = "$(TARGET_NAME)";
				SWIFT_VERSION = 3.0;
			};
			name = Release;
		};
		6267C5CD1E45164000132601 /* Debug */ = {
			isa = XCBuildConfiguration;
			buildSettings = {
				ALWAYS_EMBED_SWIFT_STANDARD_LIBRARIES = YES;
				BUNDLE_LOADER = "$(TEST_HOST)";
				INFOPLIST_FILE = PartyRockAppTests/Info.plist;
				LD_RUNPATH_SEARCH_PATHS = "$(inherited) @executable_path/Frameworks @loader_path/Frameworks";
				PRODUCT_BUNDLE_IDENTIFIER = Wen.PartyRockAppTests;
				PRODUCT_NAME = "$(TARGET_NAME)";
				SWIFT_VERSION = 3.0;
				TEST_HOST = "$(BUILT_PRODUCTS_DIR)/PartyRockApp.app/PartyRockApp";
			};
			name = Debug;
		};
		6267C5CE1E45164000132601 /* Release */ = {
			isa = XCBuildConfiguration;
			buildSettings = {
				ALWAYS_EMBED_SWIFT_STANDARD_LIBRARIES = YES;
				BUNDLE_LOADER = "$(TEST_HOST)";
				INFOPLIST_FILE = PartyRockAppTests/Info.plist;
				LD_RUNPATH_SEARCH_PATHS = "$(inherited) @executable_path/Frameworks @loader_path/Frameworks";
				PRODUCT_BUNDLE_IDENTIFIER = Wen.PartyRockAppTests;
				PRODUCT_NAME = "$(TARGET_NAME)";
				SWIFT_VERSION = 3.0;
				TEST_HOST = "$(BUILT_PRODUCTS_DIR)/PartyRockApp.app/PartyRockApp";
			};
			name = Release;
		};
		6267C5D01E45164000132601 /* Debug */ = {
			isa = XCBuildConfiguration;
			buildSettings = {
				ALWAYS_EMBED_SWIFT_STANDARD_LIBRARIES = YES;
				INFOPLIST_FILE = PartyRockAppUITests/Info.plist;
				LD_RUNPATH_SEARCH_PATHS = "$(inherited) @executable_path/Frameworks @loader_path/Frameworks";
				PRODUCT_BUNDLE_IDENTIFIER = Wen.PartyRockAppUITests;
				PRODUCT_NAME = "$(TARGET_NAME)";
				SWIFT_VERSION = 3.0;
				TEST_TARGET_NAME = PartyRockApp;
			};
			name = Debug;
		};
		6267C5D11E45164000132601 /* Release */ = {
			isa = XCBuildConfiguration;
			buildSettings = {
				ALWAYS_EMBED_SWIFT_STANDARD_LIBRARIES = YES;
				INFOPLIST_FILE = PartyRockAppUITests/Info.plist;
				LD_RUNPATH_SEARCH_PATHS = "$(inherited) @executable_path/Frameworks @loader_path/Frameworks";
				PRODUCT_BUNDLE_IDENTIFIER = Wen.PartyRockAppUITests;
				PRODUCT_NAME = "$(TARGET_NAME)";
				SWIFT_VERSION = 3.0;
				TEST_TARGET_NAME = PartyRockApp;
			};
			name = Release;
		};
/* End XCBuildConfiguration section */

/* Begin XCConfigurationList section */
		6267C59C1E45164000132601 /* Build configuration list for PBXProject "PartyRockApp" */ = {
			isa = XCConfigurationList;
			buildConfigurations = (
				6267C5C71E45164000132601 /* Debug */,
				6267C5C81E45164000132601 /* Release */,
			);
			defaultConfigurationIsVisible = 0;
			defaultConfigurationName = Release;
		};
		6267C5C91E45164000132601 /* Build configuration list for PBXNativeTarget "PartyRockApp" */ = {
			isa = XCConfigurationList;
			buildConfigurations = (
				6267C5CA1E45164000132601 /* Debug */,
				6267C5CB1E45164000132601 /* Release */,
			);
			defaultConfigurationIsVisible = 0;
		};
		6267C5CC1E45164000132601 /* Build configuration list for PBXNativeTarget "PartyRockAppTests" */ = {
			isa = XCConfigurationList;
			buildConfigurations = (
				6267C5CD1E45164000132601 /* Debug */,
				6267C5CE1E45164000132601 /* Release */,
			);
			defaultConfigurationIsVisible = 0;
		};
		6267C5CF1E45164000132601 /* Build configuration list for PBXNativeTarget "PartyRockAppUITests" */ = {
			isa = XCConfigurationList;
			buildConfigurations = (
				6267C5D01E45164000132601 /* Debug */,
				6267C5D11E45164000132601 /* Release */,
			);
			defaultConfigurationIsVisible = 0;
		};
/* End XCConfigurationList section */
	};
	rootObject = 6267C5991E45164000132601 /* Project object */;
}
